dependencies:
- name: grafana
  repository: https://grafana.github.io/helm-charts
  version: 8.0.1
- name: influxdb2
  repository: https://helm.influxdata.com/
  version: 2.1.2
- name: metrics-server
  repository: file://../metrics_server
  version: 0.1.0
digest: sha256:da0d4f45c9cce8c71981f045ff7495afe4d5e2d716d5a1a8e8ba2bcb7be2c528
generated: "2024-08-07T19:12:32.275068503+02:00"
